
Microsoft Visual Studio Solution File, Format Version 12.00
# Visual Studio Version 17
VisualStudioVersion = 17.11.35222.181
MinimumVisualStudioVersion = 10.0.40219.1
Project("{FAE04EC0-301F-11D3-BF4B-00C04F79EFBC}") = "TodosBackEnd", "TodosBackEnd\TodosBackEnd.csproj", "{E2491D74-5660-4BD5-BA3A-0DD178F4DADE}"
EndProject
Global
	GlobalSection(SolutionConfigurationPlatforms) = preSolution
		Debug|Any CPU = Debug|Any CPU
		Release|Any CPU = Release|Any CPU
	EndGlobalSection
	GlobalSection(ProjectConfigurationPlatforms) = postSolution
		{E2491D74-5660-4BD5-BA3A-0DD178F4DADE}.Debug|Any CPU.ActiveCfg = Debug|Any CPU
		{E2491D74-5660-4BD5-BA3A-0DD178F4DADE}.Debug|Any CPU.Build.0 = Debug|Any CPU
		{E2491D74-5660-4BD5-BA3A-0DD178F4DADE}.Release|Any CPU.ActiveCfg = Release|Any CPU
		{E2491D74-5660-4BD5-BA3A-0DD178F4DADE}.Release|Any CPU.Build.0 = Release|Any CPU
	EndGlobalSection
	GlobalSection(SolutionProperties) = preSolution
		HideSolutionNode = FALSE
	EndGlobalSection
	GlobalSection(ExtensibilityGlobals) = postSolution
		SolutionGuid = {3CCC7EB2-4DE8-4929-A617-9D934BF0AA3B}
	EndGlobalSection
EndGlobal
